
Microsoft Visual Studio Solution File, Format Version 12.00
# Visual Studio Version 17
VisualStudioVersion = 17.8.34525.116
MinimumVisualStudioVersion = 10.0.40219.1
Project("{FAE04EC0-301F-11D3-BF4B-00C04F79EFBC}") = "Ejercicio10_mayormediomenor", "Ejercicio10_mayormediomenor.csproj", "{9EEDF177-3052-4AA2-99B0-294ECE38A9ED}"
EndProject
Global
	GlobalSection(SolutionConfigurationPlatforms) = preSolution
		Debug|Any CPU = Debug|Any CPU
		Release|Any CPU = Release|Any CPU
	EndGlobalSection
	GlobalSection(ProjectConfigurationPlatforms) = postSolution
		{9EEDF177-3052-4AA2-99B0-294ECE38A9ED}.Debug|Any CPU.ActiveCfg = Debug|Any CPU
		{9EEDF177-3052-4AA2-99B0-294ECE38A9ED}.Debug|Any CPU.Build.0 = Debug|Any CPU
		{9EEDF177-3052-4AA2-99B0-294ECE38A9ED}.Release|Any CPU.ActiveCfg = Release|Any CPU
		{9EEDF177-3052-4AA2-99B0-294ECE38A9ED}.Release|Any CPU.Build.0 = Release|Any CPU
	EndGlobalSection
	GlobalSection(SolutionProperties) = preSolution
		HideSolutionNode = FALSE
	EndGlobalSection
	GlobalSection(ExtensibilityGlobals) = postSolution
		SolutionGuid = {5CD0BF87-D025-4DFA-86C9-FBECC21A9FF1}
	EndGlobalSection
EndGlobal
