
Microsoft Visual Studio Solution File, Format Version 12.00
# Visual Studio Version 17
VisualStudioVersion = 17.8.34525.116
MinimumVisualStudioVersion = 10.0.40219.1
Project("{FAE04EC0-301F-11D3-BF4B-00C04F79EFBC}") = "ConsoleApp1", "ConsoleApp1.csproj", "{F61E6547-434F-4B77-89A0-A9B1E1174AB7}"
EndProject
Global
	GlobalSection(SolutionConfigurationPlatforms) = preSolution
		Debug|Any CPU = Debug|Any CPU
		Release|Any CPU = Release|Any CPU
	EndGlobalSection
	GlobalSection(ProjectConfigurationPlatforms) = postSolution
		{F61E6547-434F-4B77-89A0-A9B1E1174AB7}.Debug|Any CPU.ActiveCfg = Debug|Any CPU
		{F61E6547-434F-4B77-89A0-A9B1E1174AB7}.Debug|Any CPU.Build.0 = Debug|Any CPU
		{F61E6547-434F-4B77-89A0-A9B1E1174AB7}.Release|Any CPU.ActiveCfg = Release|Any CPU
		{F61E6547-434F-4B77-89A0-A9B1E1174AB7}.Release|Any CPU.Build.0 = Release|Any CPU
	EndGlobalSection
	GlobalSection(SolutionProperties) = preSolution
		HideSolutionNode = FALSE
	EndGlobalSection
	GlobalSection(ExtensibilityGlobals) = postSolution
		SolutionGuid = {F380A253-AAAC-4508-9D0C-EA41BA019BE1}
	EndGlobalSection
EndGlobal
