
Microsoft Visual Studio Solution File, Format Version 12.00
# Visual Studio Version 17
VisualStudioVersion = 17.8.34525.116
MinimumVisualStudioVersion = 10.0.40219.1
Project("{FAE04EC0-301F-11D3-BF4B-00C04F79EFBC}") = "Ejercicio14_For", "Ejercicio14_For.csproj", "{D966274E-81F7-4BF0-81FD-8F530E2F6269}"
EndProject
Global
	GlobalSection(SolutionConfigurationPlatforms) = preSolution
		Debug|Any CPU = Debug|Any CPU
		Release|Any CPU = Release|Any CPU
	EndGlobalSection
	GlobalSection(ProjectConfigurationPlatforms) = postSolution
		{D966274E-81F7-4BF0-81FD-8F530E2F6269}.Debug|Any CPU.ActiveCfg = Debug|Any CPU
		{D966274E-81F7-4BF0-81FD-8F530E2F6269}.Debug|Any CPU.Build.0 = Debug|Any CPU
		{D966274E-81F7-4BF0-81FD-8F530E2F6269}.Release|Any CPU.ActiveCfg = Release|Any CPU
		{D966274E-81F7-4BF0-81FD-8F530E2F6269}.Release|Any CPU.Build.0 = Release|Any CPU
	EndGlobalSection
	GlobalSection(SolutionProperties) = preSolution
		HideSolutionNode = FALSE
	EndGlobalSection
	GlobalSection(ExtensibilityGlobals) = postSolution
		SolutionGuid = {0756FE8C-C956-4067-869C-9934338DC54D}
	EndGlobalSection
EndGlobal
